// !$*UTF8*$!
{
	archiveVersion = 1;
	classes = {
	};
	objectVersion = 56;
	objects = {

/* Begin PBXBuildFile section */
		9F52573D2C479EFD004CACE6 /* FoodProductView.swift in Sources */ = {isa = PBXBuildFile; fileRef = 9F52573C2C479EFD004CACE6 /* FoodProductView.swift */; };
		9F52573F2C47B0D1004CACE6 /* FoodPredictionDetailView.swift in Sources */ = {isa = PBXBuildFile; fileRef = 9F52573E2C47B0D1004CACE6 /* FoodPredictionDetailView.swift */; };
		9F5257412C47BA98004CACE6 /* IntelligentTakePhotoButton.swift in Sources */ = {isa = PBXBuildFile; fileRef = 9F5257402C47BA98004CACE6 /* IntelligentTakePhotoButton.swift */; };
		9FA429D72C4E885A00B9617D /* FruitDiscover.mlmodel in Sources */ = {isa = PBXBuildFile; fileRef = 9FA429D62C4E885A00B9617D /* FruitDiscover.mlmodel */; };
		9FA429D92C4EF02A00B9617D /* FoodPrediction.swift in Sources */ = {isa = PBXBuildFile; fileRef = 9FA429D82C4EF02A00B9617D /* FoodPrediction.swift */; };
		9FA446A42C53DF8B00A7E4C1 /* Ingredient.swift in Sources */ = {isa = PBXBuildFile; fileRef = 9FA446A32C53DF8B00A7E4C1 /* Ingredient.swift */; };
		9FA446A62C53EF6000A7E4C1 /* SpoonacularService.swift in Sources */ = {isa = PBXBuildFile; fileRef = 9FA446A52C53EF6000A7E4C1 /* SpoonacularService.swift */; };
		9FA446A82C53EF6F00A7E4C1 /* SpoonacularError.swift in Sources */ = {isa = PBXBuildFile; fileRef = 9FA446A72C53EF6F00A7E4C1 /* SpoonacularError.swift */; };
		9FA446AA2C53EF7F00A7E4C1 /* IngredientID.swift in Sources */ = {isa = PBXBuildFile; fileRef = 9FA446A92C53EF7F00A7E4C1 /* IngredientID.swift */; };
		9FA446AC2C54484B00A7E4C1 /* NutritionOverviewView.swift in Sources */ = {isa = PBXBuildFile; fileRef = 9FA446AB2C54484B00A7E4C1 /* NutritionOverviewView.swift */; };
		9FA446AE2C54486800A7E4C1 /* MakroNutrientsChart.swift in Sources */ = {isa = PBXBuildFile; fileRef = 9FA446AD2C54486800A7E4C1 /* MakroNutrientsChart.swift */; };
		9FA446B02C54489000A7E4C1 /* NutrientsListView.swift in Sources */ = {isa = PBXBuildFile; fileRef = 9FA446AF2C54489000A7E4C1 /* NutrientsListView.swift */; };
		9FC452A82C557926003341C8 /* IngredientView.swift in Sources */ = {isa = PBXBuildFile; fileRef = 9FC452A72C557926003341C8 /* IngredientView.swift */; };
		9FC5154F2C47E11A0020E1E6 /* FruitDiscover old.mlmodel in Sources */ = {isa = PBXBuildFile; fileRef = 9FC5154E2C47E11A0020E1E6 /* FruitDiscover old.mlmodel */; };
		9FDB68102C512833009E11BA /* FoodProductsGridView.swift in Sources */ = {isa = PBXBuildFile; fileRef = 9FDB680F2C512833009E11BA /* FoodProductsGridView.swift */; };
		9FDB68122C51287E009E11BA /* NutritionView.swift in Sources */ = {isa = PBXBuildFile; fileRef = 9FDB68112C51287E009E11BA /* NutritionView.swift */; };
		9FE242612C4664B7004EABE1 /* FruitSearchApp.swift in Sources */ = {isa = PBXBuildFile; fileRef = 9FE242602C4664B7004EABE1 /* FruitSearchApp.swift */; };
		9FE242632C4664B7004EABE1 /* ContentView.swift in Sources */ = {isa = PBXBuildFile; fileRef = 9FE242622C4664B7004EABE1 /* ContentView.swift */; };
		9FE242652C4664B8004EABE1 /* Assets.xcassets in Resources */ = {isa = PBXBuildFile; fileRef = 9FE242642C4664B8004EABE1 /* Assets.xcassets */; };
		9FE242682C4664B8004EABE1 /* Preview Assets.xcassets in Resources */ = {isa = PBXBuildFile; fileRef = 9FE242672C4664B8004EABE1 /* Preview Assets.xcassets */; };
		9FE2426F2C466981004EABE1 /* OpenFoodFactsService.swift in Sources */ = {isa = PBXBuildFile; fileRef = 9FE2426E2C466981004EABE1 /* OpenFoodFactsService.swift */; };
		9FE242712C468827004EABE1 /* FoodProduct.swift in Sources */ = {isa = PBXBuildFile; fileRef = 9FE242702C468827004EABE1 /* FoodProduct.swift */; };
		9FE242732C46883A004EABE1 /* FoodProductList.swift in Sources */ = {isa = PBXBuildFile; fileRef = 9FE242722C46883A004EABE1 /* FoodProductList.swift */; };
		9FE242752C468856004EABE1 /* OpenFoodFactsError.swift in Sources */ = {isa = PBXBuildFile; fileRef = 9FE242742C468856004EABE1 /* OpenFoodFactsError.swift */; };
		9FE242802C46F7C2004EABE1 /* FoodPredictionService.swift in Sources */ = {isa = PBXBuildFile; fileRef = 9FE2427F2C46F7C2004EABE1 /* FoodPredictionService.swift */; };
		9FE242822C46F802004EABE1 /* FoodPredictionError.swift in Sources */ = {isa = PBXBuildFile; fileRef = 9FE242812C46F802004EABE1 /* FoodPredictionError.swift */; };
		9FE242862C46FA4B004EABE1 /* CameraView.swift in Sources */ = {isa = PBXBuildFile; fileRef = 9FE242852C46FA4B004EABE1 /* CameraView.swift */; };
		9FE242892C470B39004EABE1 /* CameraPreviewView.swift in Sources */ = {isa = PBXBuildFile; fileRef = 9FE242882C470B39004EABE1 /* CameraPreviewView.swift */; };
		9FE2428B2C470B76004EABE1 /* Camera.swift in Sources */ = {isa = PBXBuildFile; fileRef = 9FE2428A2C470B76004EABE1 /* Camera.swift */; };
		9FE2428D2C470D0F004EABE1 /* CameraError.swift in Sources */ = {isa = PBXBuildFile; fileRef = 9FE2428C2C470D0F004EABE1 /* CameraError.swift */; };
/* End PBXBuildFile section */

/* Begin PBXFileReference section */
		9F52573C2C479EFD004CACE6 /* FoodProductView.swift */ = {isa = PBXFileReference; lastKnownFileType = sourcecode.swift; path = FoodProductView.swift; sourceTree = "<group>"; };
		9F52573E2C47B0D1004CACE6 /* FoodPredictionDetailView.swift */ = {isa = PBXFileReference; lastKnownFileType = sourcecode.swift; path = FoodPredictionDetailView.swift; sourceTree = "<group>"; };
		9F5257402C47BA98004CACE6 /* IntelligentTakePhotoButton.swift */ = {isa = PBXFileReference; lastKnownFileType = sourcecode.swift; path = IntelligentTakePhotoButton.swift; sourceTree = "<group>"; };
		9FA429D62C4E885A00B9617D /* FruitDiscover.mlmodel */ = {isa = PBXFileReference; lastKnownFileType = file.mlmodel; path = FruitDiscover.mlmodel; sourceTree = "<group>"; };
		9FA429D82C4EF02A00B9617D /* FoodPrediction.swift */ = {isa = PBXFileReference; lastKnownFileType = sourcecode.swift; path = FoodPrediction.swift; sourceTree = "<group>"; };
		9FA446A32C53DF8B00A7E4C1 /* Ingredient.swift */ = {isa = PBXFileReference; lastKnownFileType = sourcecode.swift; path = Ingredient.swift; sourceTree = "<group>"; };
		9FA446A52C53EF6000A7E4C1 /* SpoonacularService.swift */ = {isa = PBXFileReference; lastKnownFileType = sourcecode.swift; path = SpoonacularService.swift; sourceTree = "<group>"; };
		9FA446A72C53EF6F00A7E4C1 /* SpoonacularError.swift */ = {isa = PBXFileReference; lastKnownFileType = sourcecode.swift; path = SpoonacularError.swift; sourceTree = "<group>"; };
		9FA446A92C53EF7F00A7E4C1 /* IngredientID.swift */ = {isa = PBXFileReference; lastKnownFileType = sourcecode.swift; path = IngredientID.swift; sourceTree = "<group>"; };
		9FA446AB2C54484B00A7E4C1 /* NutritionOverviewView.swift */ = {isa = PBXFileReference; lastKnownFileType = sourcecode.swift; path = NutritionOverviewView.swift; sourceTree = "<group>"; };
		9FA446AD2C54486800A7E4C1 /* MakroNutrientsChart.swift */ = {isa = PBXFileReference; lastKnownFileType = sourcecode.swift; path = MakroNutrientsChart.swift; sourceTree = "<group>"; };
		9FA446AF2C54489000A7E4C1 /* NutrientsListView.swift */ = {isa = PBXFileReference; lastKnownFileType = sourcecode.swift; path = NutrientsListView.swift; sourceTree = "<group>"; };
		9FC452A72C557926003341C8 /* IngredientView.swift */ = {isa = PBXFileReference; lastKnownFileType = sourcecode.swift; path = IngredientView.swift; sourceTree = "<group>"; };
		9FC5154E2C47E11A0020E1E6 /* FruitDiscover old.mlmodel */ = {isa = PBXFileReference; lastKnownFileType = file.mlmodel; path = "FruitDiscover old.mlmodel"; sourceTree = "<group>"; };
		9FDB680F2C512833009E11BA /* FoodProductsGridView.swift */ = {isa = PBXFileReference; lastKnownFileType = sourcecode.swift; path = FoodProductsGridView.swift; sourceTree = "<group>"; };
		9FDB68112C51287E009E11BA /* NutritionView.swift */ = {isa = PBXFileReference; lastKnownFileType = sourcecode.swift; path = NutritionView.swift; sourceTree = "<group>"; };
		9FE2425D2C4664B7004EABE1 /* FruitSearch.app */ = {isa = PBXFileReference; explicitFileType = wrapper.application; includeInIndex = 0; path = FruitSearch.app; sourceTree = BUILT_PRODUCTS_DIR; };
		9FE242602C4664B7004EABE1 /* FruitSearchApp.swift */ = {isa = PBXFileReference; lastKnownFileType = sourcecode.swift; path = FruitSearchApp.swift; sourceTree = "<group>"; };
		9FE242622C4664B7004EABE1 /* ContentView.swift */ = {isa = PBXFileReference; lastKnownFileType = sourcecode.swift; path = ContentView.swift; sourceTree = "<group>"; };
		9FE242642C4664B8004EABE1 /* Assets.xcassets */ = {isa = PBXFileReference; lastKnownFileType = folder.assetcatalog; path = Assets.xcassets; sourceTree = "<group>"; };
		9FE242672C4664B8004EABE1 /* Preview Assets.xcassets */ = {isa = PBXFileReference; lastKnownFileType = folder.assetcatalog; path = "Preview Assets.xcassets"; sourceTree = "<group>"; };
		9FE2426E2C466981004EABE1 /* OpenFoodFactsService.swift */ = {isa = PBXFileReference; lastKnownFileType = sourcecode.swift; path = OpenFoodFactsService.swift; sourceTree = "<group>"; };
		9FE242702C468827004EABE1 /* FoodProduct.swift */ = {isa = PBXFileReference; lastKnownFileType = sourcecode.swift; path = FoodProduct.swift; sourceTree = "<group>"; };
		9FE242722C46883A004EABE1 /* FoodProductList.swift */ = {isa = PBXFileReference; lastKnownFileType = sourcecode.swift; path = FoodProductList.swift; sourceTree = "<group>"; };
		9FE242742C468856004EABE1 /* OpenFoodFactsError.swift */ = {isa = PBXFileReference; lastKnownFileType = sourcecode.swift; path = OpenFoodFactsError.swift; sourceTree = "<group>"; };
		9FE2427F2C46F7C2004EABE1 /* FoodPredictionService.swift */ = {isa = PBXFileReference; lastKnownFileType = sourcecode.swift; path = FoodPredictionService.swift; sourceTree = "<group>"; };
		9FE242812C46F802004EABE1 /* FoodPredictionError.swift */ = {isa = PBXFileReference; lastKnownFileType = sourcecode.swift; path = FoodPredictionError.swift; sourceTree = "<group>"; };
		9FE242852C46FA4B004EABE1 /* CameraView.swift */ = {isa = PBXFileReference; lastKnownFileType = sourcecode.swift; path = CameraView.swift; sourceTree = "<group>"; };
		9FE242882C470B39004EABE1 /* CameraPreviewView.swift */ = {isa = PBXFileReference; lastKnownFileType = sourcecode.swift; path = CameraPreviewView.swift; sourceTree = "<group>"; };
		9FE2428A2C470B76004EABE1 /* Camera.swift */ = {isa = PBXFileReference; lastKnownFileType = sourcecode.swift; path = Camera.swift; sourceTree = "<group>"; };
		9FE2428C2C470D0F004EABE1 /* CameraError.swift */ = {isa = PBXFileReference; lastKnownFileType = sourcecode.swift; path = CameraError.swift; sourceTree = "<group>"; };
/* End PBXFileReference section */

/* Begin PBXFrameworksBuildPhase section */
		9FE2425A2C4664B7004EABE1 /* Frameworks */ = {
			isa = PBXFrameworksBuildPhase;
			buildActionMask = 2147483647;
			files = (
			);
			runOnlyForDeploymentPostprocessing = 0;
		};
/* End PBXFrameworksBuildPhase section */

/* Begin PBXGroup section */
		9FA446A22C53DF6600A7E4C1 /* Spoonacular API */ = {
			isa = PBXGroup;
			children = (
				9FA446A32C53DF8B00A7E4C1 /* Ingredient.swift */,
				9FA446A92C53EF7F00A7E4C1 /* IngredientID.swift */,
				9FA446A52C53EF6000A7E4C1 /* SpoonacularService.swift */,
				9FA446A72C53EF6F00A7E4C1 /* SpoonacularError.swift */,
			);
			path = "Spoonacular API";
			sourceTree = "<group>";
		};
		9FA446B12C5448E400A7E4C1 /* Nutrition */ = {
			isa = PBXGroup;
			children = (
				9FC452A72C557926003341C8 /* IngredientView.swift */,
				9FDB68112C51287E009E11BA /* NutritionView.swift */,
				9FA446AB2C54484B00A7E4C1 /* NutritionOverviewView.swift */,
				9FA446AD2C54486800A7E4C1 /* MakroNutrientsChart.swift */,
				9FA446AF2C54489000A7E4C1 /* NutrientsListView.swift */,
			);
			path = Nutrition;
			sourceTree = "<group>";
		};
		9FE242542C4664B7004EABE1 = {
			isa = PBXGroup;
			children = (
				9FE2425F2C4664B7004EABE1 /* FruitSearch */,
				9FE2425E2C4664B7004EABE1 /* Products */,
			);
			sourceTree = "<group>";
		};
		9FE2425E2C4664B7004EABE1 /* Products */ = {
			isa = PBXGroup;
			children = (
				9FE2425D2C4664B7004EABE1 /* FruitSearch.app */,
			);
			name = Products;
			sourceTree = "<group>";
		};
		9FE2425F2C4664B7004EABE1 /* FruitSearch */ = {
			isa = PBXGroup;
			children = (
				9FE242602C4664B7004EABE1 /* FruitSearchApp.swift */,
				9FE242622C4664B7004EABE1 /* ContentView.swift */,
				9F5257402C47BA98004CACE6 /* IntelligentTakePhotoButton.swift */,
				9F52573E2C47B0D1004CACE6 /* FoodPredictionDetailView.swift */,
				9FDB680F2C512833009E11BA /* FoodProductsGridView.swift */,
				9F52573C2C479EFD004CACE6 /* FoodProductView.swift */,
				9FA446B12C5448E400A7E4C1 /* Nutrition */,
				9FE242872C470B24004EABE1 /* Camera */,
				9FE242762C468883004EABE1 /* OpenFoodFactsService */,
				9FA446A22C53DF6600A7E4C1 /* Spoonacular API */,
				9FE2427E2C46F79E004EABE1 /* MachineLearning */,
				9FE242642C4664B8004EABE1 /* Assets.xcassets */,
				9FE242662C4664B8004EABE1 /* Preview Content */,
			);
			path = FruitSearch;
			sourceTree = "<group>";
		};
		9FE242662C4664B8004EABE1 /* Preview Content */ = {
			isa = PBXGroup;
			children = (
				9FE242672C4664B8004EABE1 /* Preview Assets.xcassets */,
			);
			path = "Preview Content";
			sourceTree = "<group>";
		};
		9FE242762C468883004EABE1 /* OpenFoodFactsService */ = {
			isa = PBXGroup;
			children = (
				9FE2426E2C466981004EABE1 /* OpenFoodFactsService.swift */,
				9FE242742C468856004EABE1 /* OpenFoodFactsError.swift */,
				9FE242722C46883A004EABE1 /* FoodProductList.swift */,
				9FE242702C468827004EABE1 /* FoodProduct.swift */,
			);
			path = OpenFoodFactsService;
			sourceTree = "<group>";
		};
		9FE2427E2C46F79E004EABE1 /* MachineLearning */ = {
			isa = PBXGroup;
			children = (
				9FE2427F2C46F7C2004EABE1 /* FoodPredictionService.swift */,
				9FE242812C46F802004EABE1 /* FoodPredictionError.swift */,
				9FA429D82C4EF02A00B9617D /* FoodPrediction.swift */,
				9FA429D62C4E885A00B9617D /* FruitDiscover.mlmodel */,
				9FC5154E2C47E11A0020E1E6 /* FruitDiscover old.mlmodel */,
			);
			path = MachineLearning;
			sourceTree = "<group>";
		};
		9FE242872C470B24004EABE1 /* Camera */ = {
			isa = PBXGroup;
			children = (
				9FE242852C46FA4B004EABE1 /* CameraView.swift */,
				9FE242882C470B39004EABE1 /* CameraPreviewView.swift */,
				9FE2428A2C470B76004EABE1 /* Camera.swift */,
				9FE2428C2C470D0F004EABE1 /* CameraError.swift */,
			);
			path = Camera;
			sourceTree = "<group>";
		};
/* End PBXGroup section */

/* Begin PBXNativeTarget section */
		9FE2425C2C4664B7004EABE1 /* FruitSearch */ = {
			isa = PBXNativeTarget;
			buildConfigurationList = 9FE2426B2C4664B8004EABE1 /* Build configuration list for PBXNativeTarget "FruitSearch" */;
			buildPhases = (
				9FE242592C4664B7004EABE1 /* Sources */,
				9FE2425A2C4664B7004EABE1 /* Frameworks */,
				9FE2425B2C4664B7004EABE1 /* Resources */,
			);
			buildRules = (
			);
			dependencies = (
			);
			name = FruitSearch;
			productName = FruitSearch;
			productReference = 9FE2425D2C4664B7004EABE1 /* FruitSearch.app */;
			productType = "com.apple.product-type.application";
		};
/* End PBXNativeTarget section */

/* Begin PBXProject section */
		9FE242552C4664B7004EABE1 /* Project object */ = {
			isa = PBXProject;
			attributes = {
				BuildIndependentTargetsInParallel = 1;
				LastSwiftUpdateCheck = 1540;
				LastUpgradeCheck = 1540;
				TargetAttributes = {
					9FE2425C2C4664B7004EABE1 = {
						CreatedOnToolsVersion = 15.4;
					};
				};
			};
			buildConfigurationList = 9FE242582C4664B7004EABE1 /* Build configuration list for PBXProject "FruitSearch" */;
			compatibilityVersion = "Xcode 14.0";
			developmentRegion = en;
			hasScannedForEncodings = 0;
			knownRegions = (
				en,
				Base,
			);
			mainGroup = 9FE242542C4664B7004EABE1;
			productRefGroup = 9FE2425E2C4664B7004EABE1 /* Products */;
			projectDirPath = "";
			projectRoot = "";
			targets = (
				9FE2425C2C4664B7004EABE1 /* FruitSearch */,
			);
		};
/* End PBXProject section */

/* Begin PBXResourcesBuildPhase section */
		9FE2425B2C4664B7004EABE1 /* Resources */ = {
			isa = PBXResourcesBuildPhase;
			buildActionMask = 2147483647;
			files = (
				9FE242682C4664B8004EABE1 /* Preview Assets.xcassets in Resources */,
				9FE242652C4664B8004EABE1 /* Assets.xcassets in Resources */,
			);
			runOnlyForDeploymentPostprocessing = 0;
		};
/* End PBXResourcesBuildPhase section */

/* Begin PBXSourcesBuildPhase section */
		9FE242592C4664B7004EABE1 /* Sources */ = {
			isa = PBXSourcesBuildPhase;
			buildActionMask = 2147483647;
			files = (
				9FA429D72C4E885A00B9617D /* FruitDiscover.mlmodel in Sources */,
				9F5257412C47BA98004CACE6 /* IntelligentTakePhotoButton.swift in Sources */,
				9FA446AE2C54486800A7E4C1 /* MakroNutrientsChart.swift in Sources */,
				9FE242752C468856004EABE1 /* OpenFoodFactsError.swift in Sources */,
				9FE242892C470B39004EABE1 /* CameraPreviewView.swift in Sources */,
				9FA446AA2C53EF7F00A7E4C1 /* IngredientID.swift in Sources */,
				9FA429D92C4EF02A00B9617D /* FoodPrediction.swift in Sources */,
				9F52573F2C47B0D1004CACE6 /* FoodPredictionDetailView.swift in Sources */,
				9FE2426F2C466981004EABE1 /* OpenFoodFactsService.swift in Sources */,
				9FE242712C468827004EABE1 /* FoodProduct.swift in Sources */,
				9F52573D2C479EFD004CACE6 /* FoodProductView.swift in Sources */,
				9FC452A82C557926003341C8 /* IngredientView.swift in Sources */,
				9FA446B02C54489000A7E4C1 /* NutrientsListView.swift in Sources */,
				9FA446A62C53EF6000A7E4C1 /* SpoonacularService.swift in Sources */,
				9FE242862C46FA4B004EABE1 /* CameraView.swift in Sources */,
				9FA446A42C53DF8B00A7E4C1 /* Ingredient.swift in Sources */,
				9FE242632C4664B7004EABE1 /* ContentView.swift in Sources */,
				9FE242612C4664B7004EABE1 /* FruitSearchApp.swift in Sources */,
				9FE242822C46F802004EABE1 /* FoodPredictionError.swift in Sources */,
				9FC5154F2C47E11A0020E1E6 /* FruitDiscover old.mlmodel in Sources */,
				9FA446AC2C54484B00A7E4C1 /* NutritionOverviewView.swift in Sources */,
				9FE242802C46F7C2004EABE1 /* FoodPredictionService.swift in Sources */,
				9FE2428D2C470D0F004EABE1 /* CameraError.swift in Sources */,
				9FA446A82C53EF6F00A7E4C1 /* SpoonacularError.swift in Sources */,
				9FDB68122C51287E009E11BA /* NutritionView.swift in Sources */,
				9FE2428B2C470B76004EABE1 /* Camera.swift in Sources */,
				9FDB68102C512833009E11BA /* FoodProductsGridView.swift in Sources */,
				9FE242732C46883A004EABE1 /* FoodProductList.swift in Sources */,
			);
			runOnlyForDeploymentPostprocessing = 0;
		};
/* End PBXSourcesBuildPhase section */

/* Begin XCBuildConfiguration section */
		9FE242692C4664B8004EABE1 /* Debug */ = {
			isa = XCBuildConfiguration;
			buildSettings = {
				ALWAYS_SEARCH_USER_PATHS = NO;
				ASSETCATALOG_COMPILER_GENERATE_SWIFT_ASSET_SYMBOL_EXTENSIONS = YES;
				CLANG_ANALYZER_NONNULL = YES;
				CLANG_ANALYZER_NUMBER_OBJECT_CONVERSION = YES_AGGRESSIVE;
				CLANG_CXX_LANGUAGE_STANDARD = "gnu++20";
				CLANG_ENABLE_MODULES = YES;
				CLANG_ENABLE_OBJC_ARC = YES;
				CLANG_ENABLE_OBJC_WEAK = YES;
				CLANG_WARN_BLOCK_CAPTURE_AUTORELEASING = YES;
				CLANG_WARN_BOOL_CONVERSION = YES;
				CLANG_WARN_COMMA = YES;
				CLANG_WARN_CONSTANT_CONVERSION = YES;
				CLANG_WARN_DEPRECATED_OBJC_IMPLEMENTATIONS = YES;
				CLANG_WARN_DIRECT_OBJC_ISA_USAGE = YES_ERROR;
				CLANG_WARN_DOCUMENTATION_COMMENTS = YES;
				CLANG_WARN_EMPTY_BODY = YES;
				CLANG_WARN_ENUM_CONVERSION = YES;
				CLANG_WARN_INFINITE_RECURSION = YES;
				CLANG_WARN_INT_CONVERSION = YES;
				CLANG_WARN_NON_LITERAL_NULL_CONVERSION = YES;
				CLANG_WARN_OBJC_IMPLICIT_RETAIN_SELF = YES;
				CLANG_WARN_OBJC_LITERAL_CONVERSION = YES;
				CLANG_WARN_OBJC_ROOT_CLASS = YES_ERROR;
				CLANG_WARN_QUOTED_INCLUDE_IN_FRAMEWORK_HEADER = YES;
				CLANG_WARN_RANGE_LOOP_ANALYSIS = YES;
				CLANG_WARN_STRICT_PROTOTYPES = YES;
				CLANG_WARN_SUSPICIOUS_MOVE = YES;
				CLANG_WARN_UNGUARDED_AVAILABILITY = YES_AGGRESSIVE;
				CLANG_WARN_UNREACHABLE_CODE = YES;
				CLANG_WARN__DUPLICATE_METHOD_MATCH = YES;
				COPY_PHASE_STRIP = NO;
				DEBUG_INFORMATION_FORMAT = dwarf;
				ENABLE_STRICT_OBJC_MSGSEND = YES;
				ENABLE_TESTABILITY = YES;
				ENABLE_USER_SCRIPT_SANDBOXING = YES;
				GCC_C_LANGUAGE_STANDARD = gnu17;
				GCC_DYNAMIC_NO_PIC = NO;
				GCC_NO_COMMON_BLOCKS = YES;
				GCC_OPTIMIZATION_LEVEL = 0;
				GCC_PREPROCESSOR_DEFINITIONS = (
					"DEBUG=1",
					"$(inherited)",
				);
				GCC_WARN_64_TO_32_BIT_CONVERSION = YES;
				GCC_WARN_ABOUT_RETURN_TYPE = YES_ERROR;
				GCC_WARN_UNDECLARED_SELECTOR = YES;
				GCC_WARN_UNINITIALIZED_AUTOS = YES_AGGRESSIVE;
				GCC_WARN_UNUSED_FUNCTION = YES;
				GCC_WARN_UNUSED_VARIABLE = YES;
				IPHONEOS_DEPLOYMENT_TARGET = 17.5;
				LOCALIZATION_PREFERS_STRING_CATALOGS = YES;
				MTL_ENABLE_DEBUG_INFO = INCLUDE_SOURCE;
				MTL_FAST_MATH = YES;
				ONLY_ACTIVE_ARCH = YES;
				SDKROOT = iphoneos;
				SWIFT_ACTIVE_COMPILATION_CONDITIONS = "DEBUG $(inherited)";
				SWIFT_OPTIMIZATION_LEVEL = "-Onone";
			};
			name = Debug;
		};
		9FE2426A2C4664B8004EABE1 /* Release */ = {
			isa = XCBuildConfiguration;
			buildSettings = {
				ALWAYS_SEARCH_USER_PATHS = NO;
				ASSETCATALOG_COMPILER_GENERATE_SWIFT_ASSET_SYMBOL_EXTENSIONS = YES;
				CLANG_ANALYZER_NONNULL = YES;
				CLANG_ANALYZER_NUMBER_OBJECT_CONVERSION = YES_AGGRESSIVE;
				CLANG_CXX_LANGUAGE_STANDARD = "gnu++20";
				CLANG_ENABLE_MODULES = YES;
				CLANG_ENABLE_OBJC_ARC = YES;
				CLANG_ENABLE_OBJC_WEAK = YES;
				CLANG_WARN_BLOCK_CAPTURE_AUTORELEASING = YES;
				CLANG_WARN_BOOL_CONVERSION = YES;
				CLANG_WARN_COMMA = YES;
				CLANG_WARN_CONSTANT_CONVERSION = YES;
				CLANG_WARN_DEPRECATED_OBJC_IMPLEMENTATIONS = YES;
				CLANG_WARN_DIRECT_OBJC_ISA_USAGE = YES_ERROR;
				CLANG_WARN_DOCUMENTATION_COMMENTS = YES;
				CLANG_WARN_EMPTY_BODY = YES;
				CLANG_WARN_ENUM_CONVERSION = YES;
				CLANG_WARN_INFINITE_RECURSION = YES;
				CLANG_WARN_INT_CONVERSION = YES;
				CLANG_WARN_NON_LITERAL_NULL_CONVERSION = YES;
				CLANG_WARN_OBJC_IMPLICIT_RETAIN_SELF = YES;
				CLANG_WARN_OBJC_LITERAL_CONVERSION = YES;
				CLANG_WARN_OBJC_ROOT_CLASS = YES_ERROR;
				CLANG_WARN_QUOTED_INCLUDE_IN_FRAMEWORK_HEADER = YES;
				CLANG_WARN_RANGE_LOOP_ANALYSIS = YES;
				CLANG_WARN_STRICT_PROTOTYPES = YES;
				CLANG_WARN_SUSPICIOUS_MOVE = YES;
				CLANG_WARN_UNGUARDED_AVAILABILITY = YES_AGGRESSIVE;
				CLANG_WARN_UNREACHABLE_CODE = YES;
				CLANG_WARN__DUPLICATE_METHOD_MATCH = YES;
				COPY_PHASE_STRIP = NO;
				DEBUG_INFORMATION_FORMAT = "dwarf-with-dsym";
				ENABLE_NS_ASSERTIONS = NO;
				ENABLE_STRICT_OBJC_MSGSEND = YES;
				ENABLE_USER_SCRIPT_SANDBOXING = YES;
				GCC_C_LANGUAGE_STANDARD = gnu17;
				GCC_NO_COMMON_BLOCKS = YES;
				GCC_WARN_64_TO_32_BIT_CONVERSION = YES;
				GCC_WARN_ABOUT_RETURN_TYPE = YES_ERROR;
				GCC_WARN_UNDECLARED_SELECTOR = YES;
				GCC_WARN_UNINITIALIZED_AUTOS = YES_AGGRESSIVE;
				GCC_WARN_UNUSED_FUNCTION = YES;
				GCC_WARN_UNUSED_VARIABLE = YES;
				IPHONEOS_DEPLOYMENT_TARGET = 17.5;
				LOCALIZATION_PREFERS_STRING_CATALOGS = YES;
				MTL_ENABLE_DEBUG_INFO = NO;
				MTL_FAST_MATH = YES;
				SDKROOT = iphoneos;
				SWIFT_COMPILATION_MODE = wholemodule;
				VALIDATE_PRODUCT = YES;
			};
			name = Release;
		};
		9FE2426C2C4664B8004EABE1 /* Debug */ = {
			isa = XCBuildConfiguration;
			buildSettings = {
				ASSETCATALOG_COMPILER_APPICON_NAME = AppIcon;
				ASSETCATALOG_COMPILER_GLOBAL_ACCENT_COLOR_NAME = AccentColor;
				CODE_SIGN_STYLE = Automatic;
				CURRENT_PROJECT_VERSION = 1;
				DEVELOPMENT_ASSET_PATHS = "\"FruitSearch/Preview Content\"";
				DEVELOPMENT_TEAM = 5B4LV69C8H;
				ENABLE_PREVIEWS = YES;
				GENERATE_INFOPLIST_FILE = YES;
				INFOPLIST_KEY_NSCameraUsageDescription = "";
				INFOPLIST_KEY_UIApplicationSceneManifest_Generation = YES;
				INFOPLIST_KEY_UIApplicationSupportsIndirectInputEvents = YES;
				INFOPLIST_KEY_UILaunchScreen_Generation = YES;
				INFOPLIST_KEY_UISupportedInterfaceOrientations = UIInterfaceOrientationPortrait;
				LD_RUNPATH_SEARCH_PATHS = (
					"$(inherited)",
					"@executable_path/Frameworks",
				);
				MARKETING_VERSION = 1.0.1;
				PRODUCT_BUNDLE_IDENTIFIER = com.marceljaeger.FruitSearch;
				PRODUCT_NAME = "$(TARGET_NAME)";
				SWIFT_EMIT_LOC_STRINGS = YES;
				SWIFT_VERSION = 5.0;
				TARGETED_DEVICE_FAMILY = "1,2";
			};
			name = Debug;
		};
		9FE2426D2C4664B8004EABE1 /* Release */ = {
			isa = XCBuildConfiguration;
			buildSettings = {
				ASSETCATALOG_COMPILER_APPICON_NAME = AppIcon;
				ASSETCATALOG_COMPILER_GLOBAL_ACCENT_COLOR_NAME = AccentColor;
				CODE_SIGN_STYLE = Automatic;
				CURRENT_PROJECT_VERSION = 1;
				DEVELOPMENT_ASSET_PATHS = "\"FruitSearch/Preview Content\"";
				DEVELOPMENT_TEAM = 5B4LV69C8H;
				ENABLE_PREVIEWS = YES;
				GENERATE_INFOPLIST_FILE = YES;
				INFOPLIST_KEY_NSCameraUsageDescription = "";
				INFOPLIST_KEY_UIApplicationSceneManifest_Generation = YES;
				INFOPLIST_KEY_UIApplicationSupportsIndirectInputEvents = YES;
				INFOPLIST_KEY_UILaunchScreen_Generation = YES;
				INFOPLIST_KEY_UISupportedInterfaceOrientations = UIInterfaceOrientationPortrait;
				LD_RUNPATH_SEARCH_PATHS = (
					"$(inherited)",
					"@executable_path/Frameworks",
				);
				MARKETING_VERSION = 1.0.1;
				PRODUCT_BUNDLE_IDENTIFIER = com.marceljaeger.FruitSearch;
				PRODUCT_NAME = "$(TARGET_NAME)";
				SWIFT_EMIT_LOC_STRINGS = YES;
				SWIFT_VERSION = 5.0;
				TARGETED_DEVICE_FAMILY = "1,2";
			};
			name = Release;
		};
/* End XCBuildConfiguration section */

/* Begin XCConfigurationList section */
		9FE242582C4664B7004EABE1 /* Build configuration list for PBXProject "FruitSearch" */ = {
			isa = XCConfigurationList;
			buildConfigurations = (
				9FE242692C4664B8004EABE1 /* Debug */,
				9FE2426A2C4664B8004EABE1 /* Release */,
			);
			defaultConfigurationIsVisible = 0;
			defaultConfigurationName = Release;
		};
		9FE2426B2C4664B8004EABE1 /* Build configuration list for PBXNativeTarget "FruitSearch" */ = {
			isa = XCConfigurationList;
			buildConfigurations = (
				9FE2426C2C4664B8004EABE1 /* Debug */,
				9FE2426D2C4664B8004EABE1 /* Release */,
			);
			defaultConfigurationIsVisible = 0;
			defaultConfigurationName = Release;
		};
/* End XCConfigurationList section */
	};
	rootObject = 9FE242552C4664B7004EABE1 /* Project object */;
}
